Microsoft Visual Studio Solution File, Format Version 11.00
# Visual Studio 2008

Project("{15A5AEF1-15AA-F48C-35F3-184E04C6D76F}") = "AStarAlgorithm", "Assembly-CSharp.csproj", "{5EDD5363-812C-615A-E64D-6DD47A1DB0A5}"
EndProject
Global
	GlobalSection(SolutionConfigurationPlatforms) = preSolution
		Debug|Any CPU = Debug|Any CPU
		Release|Any CPU = Release|Any CPU
	EndGlobalSection
	GlobalSection(ProjectConfigurationPlatforms) = postSolution
		{5EDD5363-812C-615A-E64D-6DD47A1DB0A5}.Debug|Any CPU.ActiveCfg = Debug|Any CPU
		{5EDD5363-812C-615A-E64D-6DD47A1DB0A5}.Debug|Any CPU.Build.0 = Debug|Any CPU
		{5EDD5363-812C-615A-E64D-6DD47A1DB0A5}.Release|Any CPU.ActiveCfg = Release|Any CPU
		{5EDD5363-812C-615A-E64D-6DD47A1DB0A5}.Release|Any CPU.Build.0 = Release|Any CPU
	EndGlobalSection
	GlobalSection(SolutionProperties) = preSolution
		HideSolutionNode = FALSE
	EndGlobalSection
	GlobalSection(MonoDevelopProperties) = preSolution
		StartupItem = Assembly-CSharp.csproj
	EndGlobalSection
EndGlobal
